<?xml version="1.0" encoding="utf-8"?>
<Project ToolsVersion="4.0" xmlns="http://schemas.microsoft.com/developer/msbuild/2003">
  <ItemGroup>
    <Filter Include="Source Files">
      <UniqueIdentifier>{aea39343-22a6-4dcc-80b4-f6e1d246cafc}</UniqueIdentifier>
      <Extensions>cpp;c;cxx;rc;def;r;odl;idl;hpj;bat</Extensions>
    </Filter>
    <Filter Include="Header Files">
      <UniqueIdentifier>{aec223bc-03b7-4a45-a312-82463f33aaab}</UniqueIdentifier>
      <Extensions>h;hpp;hxx;hm;inl</Extensions>
    </Filter>
    <Filter Include="Resource Files">
      <UniqueIdentifier>{15663739-96b6-4953-922c-31d4472fcf9d}</UniqueIdentifier>
      <Extensions>ico;cur;bmp;dlg;rc2;rct;bin;rgs;gif;jpg;jpeg;jpe</Extensions>
    </Filter>
  </ItemGroup>
  <ItemGroup>
    <ClCompile Include="Eveluation.cpp">
      <Filter>Source Files</Filter>
    </ClCompile>
    <ClCompile Include="HistoryHeuristic.cpp">
      <Filter>Source Files</Filter>
    </ClCompile>
    <ClCompile Include="MoveGenerator.cpp">
      <Filter>Source Files</Filter>
    </ClCompile>
    <ClCompile Include="NegaScout_TT_HH.cpp">
      <Filter>Source Files</Filter>
    </ClCompile>
    <ClCompile Include="NewGame.cpp">
      <Filter>Source Files</Filter>
    </ClCompile>
    <ClCompile Include="renju.cpp">
      <Filter>Source Files</Filter>
    </ClCompile>
    <ClCompile Include="renjuDlg.cpp">
      <Filter>Source Files</Filter>
    </ClCompile>
    <ClCompile Include="SearchEngine.cpp">
      <Filter>Source Files</Filter>
    </ClCompile>
    <ClCompile Include="StdAfx.cpp">
      <Filter>Source Files</Filter>
    </ClCompile>
    <ClCompile Include="TranspositionTable.cpp">
      <Filter>Source Files</Filter>
    </ClCompile>
    <ClCompile Include="AboutDlg.cpp">
      <Filter>Source Files</Filter>
    </ClCompile>
  </ItemGroup>
  <ItemGroup>
    <ResourceCompile Include="renju.rc">
      <Filter>Source Files</Filter>
    </ResourceCompile>
  </ItemGroup>
  <ItemGroup>
    <ClInclude Include="define.h">
      <Filter>Header Files</Filter>
    </ClInclude>
    <ClInclude Include="Eveluation.h">
      <Filter>Header Files</Filter>
    </ClInclude>
    <ClInclude Include="HistoryHeuristic.h">
      <Filter>Header Files</Filter>
    </ClInclude>
    <ClInclude Include="MoveGenerator.h">
      <Filter>Header Files</Filter>
    </ClInclude>
    <ClInclude Include="NegaScout_TT_HH.h">
      <Filter>Header Files</Filter>
    </ClInclude>
    <ClInclude Include="NewGame.h">
      <Filter>Header Files</Filter>
    </ClInclude>
    <ClInclude Include="renju.h">
      <Filter>Header Files</Filter>
    </ClInclude>
    <ClInclude Include="renjuDlg.h">
      <Filter>Header Files</Filter>
    </ClInclude>
    <ClInclude Include="Resource.h">
      <Filter>Header Files</Filter>
    </ClInclude>
    <ClInclude Include="SearchEngine.h">
      <Filter>Header Files</Filter>
    </ClInclude>
    <ClInclude Include="StdAfx.h">
      <Filter>Header Files</Filter>
    </ClInclude>
    <ClInclude Include="TranspositionTable.h">
      <Filter>Header Files</Filter>
    </ClInclude>
    <ClInclude Include="AboutDlg.h">
      <Filter>Header Files</Filter>
    </ClInclude>
  </ItemGroup>
  <ItemGroup>
    <Image Include="res\renju.ico">
      <Filter>Resource Files</Filter>
    </Image>
    <Image Include="res\goke_a_ow.ico">
      <Filter>Resource Files</Filter>
    </Image>
  </ItemGroup>
  <ItemGroup>
    <Text Include="ReadMe.txt" />
  </ItemGroup>
</Project>